// !$*UTF8*$!
{
	archiveVersion = 1;
	classes = {
	};
	objectVersion = 50;
	objects = {

/* Begin PBXBuildFile section */
		1B21A28E8443113B9A37AF15 /* Pods_Solicitacao156Tests.framework in Frameworks */ = {isa = PBXBuildFile; fileRef = CAA43D9AA551AA6D8ED29491 /* Pods_Solicitacao156Tests.framework */; };
		6A4B682AF945C0B3FA390AAF /* Pods_Solicitacao156UITests.framework in Frameworks */ = {isa = PBXBuildFile; fileRef = 2CC8A1A274BE778372EAB669 /* Pods_Solicitacao156UITests.framework */; };
		70B99C9C9083A5EACC12B2F2 /* Pods_Solicitacao156.framework in Frameworks */ = {isa = PBXBuildFile; fileRef = 749FD0DB2CDE14CC088B9D62 /* Pods_Solicitacao156.framework */; };
		CD6C620F20B0DE90001754A5 /* Entry.swift in Sources */ = {isa = PBXBuildFile; fileRef = CD6C620E20B0DE90001754A5 /* Entry.swift */; };
		CD6C621120B0E087001754A5 /* Requisition.swift in Sources */ = {isa = PBXBuildFile; fileRef = CD6C621020B0E087001754A5 /* Requisition.swift */; };
		CD6C621320B0E20F001754A5 /* SolicitacoesCellTableViewCell.swift in Sources */ = {isa = PBXBuildFile; fileRef = CD6C621220B0E20F001754A5 /* SolicitacoesCellTableViewCell.swift */; };
		CD6C621520B0E5DB001754A5 /* EntriesTableViewController.swift in Sources */ = {isa = PBXBuildFile; fileRef = CD6C621420B0E5DB001754A5 /* EntriesTableViewController.swift */; };
		CD6C621720B0E791001754A5 /* EntriesTableViewCell.swift in Sources */ = {isa = PBXBuildFile; fileRef = CD6C621620B0E791001754A5 /* EntriesTableViewCell.swift */; };
		CD8B7EFE20C77B3800B71009 /* MainTabBarController.swift in Sources */ = {isa = PBXBuildFile; fileRef = CD8B7EFD20C77B3800B71009 /* MainTabBarController.swift */; };
		CD8B7F0220C7854800B71009 /* book-simple-7.png in Resources */ = {isa = PBXBuildFile; fileRef = CD8B7F0120C7854800B71009 /* book-simple-7.png */; };
		CD8B7F0520C7860100B71009 /* ContatosTableViewController.swift in Sources */ = {isa = PBXBuildFile; fileRef = CD8B7F0420C7860100B71009 /* ContatosTableViewController.swift */; };
		CD8B7F0720C7870B00B71009 /* telephone-7.png in Resources */ = {isa = PBXBuildFile; fileRef = CD8B7F0620C7870B00B71009 /* telephone-7.png */; };
		CD8B7F0920C787BB00B71009 /* DicionarioTableViewController.swift in Sources */ = {isa = PBXBuildFile; fileRef = CD8B7F0820C787BB00B71009 /* DicionarioTableViewController.swift */; };
		CD8B7F0B20C7883300B71009 /* book-cover-7.png in Resources */ = {isa = PBXBuildFile; fileRef = CD8B7F0A20C7883300B71009 /* book-cover-7.png */; };
		CD8B7F0D20C788D200B71009 /* list-fat-7.png in Resources */ = {isa = PBXBuildFile; fileRef = CD8B7F0C20C788D200B71009 /* list-fat-7.png */; };
		CD8B7F1120C789AB00B71009 /* about-full.png in Resources */ = {isa = PBXBuildFile; fileRef = CD8B7F1020C789AB00B71009 /* about-full.png */; };
		CD8B7F1520C78A7C00B71009 /* SobreViewController.swift in Sources */ = {isa = PBXBuildFile; fileRef = CD8B7F1420C78A7C00B71009 /* SobreViewController.swift */; };
		CD9D663520CEEA1D0036F988 /* no-photo-user.png in Resources */ = {isa = PBXBuildFile; fileRef = CD9D663420CEEA1D0036F988 /* no-photo-user.png */; };
		CD9D663720CF6C340036F988 /* Dic.json in Resources */ = {isa = PBXBuildFile; fileRef = CD9D663620CF6C340036F988 /* Dic.json */; };
		CD9D663920CF6CD30036F988 /* EntryDic.swift in Sources */ = {isa = PBXBuildFile; fileRef = CD9D663820CF6CD30036F988 /* EntryDic.swift */; };
		CD9D663B20CF6FC80036F988 /* DicionarioTableViewCell.swift in Sources */ = {isa = PBXBuildFile; fileRef = CD9D663A20CF6FC80036F988 /* DicionarioTableViewCell.swift */; };
		CD9D663D20D03B440036F988 /* CardViewQuestions.xib in Resources */ = {isa = PBXBuildFile; fileRef = CD9D663C20D03B430036F988 /* CardViewQuestions.xib */; };
		CD9D663F20D03FA20036F988 /* CardViewQuestions.swift in Sources */ = {isa = PBXBuildFile; fileRef = CD9D663E20D03FA20036F988 /* CardViewQuestions.swift */; };
		CD9D664120D040370036F988 /* Question.swift in Sources */ = {isa = PBXBuildFile; fileRef = CD9D664020D040370036F988 /* Question.swift */; };
		CD9D664320D0445B0036F988 /* Questions.json in Resources */ = {isa = PBXBuildFile; fileRef = CD9D664220D0445B0036F988 /* Questions.json */; };
		CD9E4C9920CCCFA20067BE1E /* ContatosTableViewCell.swift in Sources */ = {isa = PBXBuildFile; fileRef = CD9E4C9820CCCFA10067BE1E /* ContatosTableViewCell.swift */; };
		CD9E4C9B20CCD8E40067BE1E /* CardView.xib in Resources */ = {isa = PBXBuildFile; fileRef = CD9E4C9A20CCD8E40067BE1E /* CardView.xib */; };
		CD9E4C9D20CCDA3B0067BE1E /* CardView.swift in Sources */ = {isa = PBXBuildFile; fileRef = CD9E4C9C20CCDA3B0067BE1E /* CardView.swift */; };
		CDCD246220CC80B800BCF2FA /* Contact.swift in Sources */ = {isa = PBXBuildFile; fileRef = CDCD246120CC80B800BCF2FA /* Contact.swift */; };
		CDCD246420CC846B00BCF2FA /* Fones.json in Resources */ = {isa = PBXBuildFile; fileRef = CDCD246320CC846A00BCF2FA /* Fones.json */; };
		CDDD21CA20C9AE7D00DF4440 /* logo.png in Resources */ = {isa = PBXBuildFile; fileRef = CDDD21C920C9AE7D00DF4440 /* logo.png */; };
		CDDD21CD20C9CC0000DF4440 /* book-cover-7-full.png in Resources */ = {isa = PBXBuildFile; fileRef = CDDD21CC20C9CC0000DF4440 /* book-cover-7-full.png */; };
		CDDD21CF20C9CC0500DF4440 /* list-fat-7-full.png in Resources */ = {isa = PBXBuildFile; fileRef = CDDD21CE20C9CC0500DF4440 /* list-fat-7-full.png */; };
		CDDD21D120C9CC0A00DF4440 /* telephone-7-full.png in Resources */ = {isa = PBXBuildFile; fileRef = CDDD21D020C9CC0A00DF4440 /* telephone-7-full.png */; };
		CDDD21D320C9CC0F00DF4440 /* about.png in Resources */ = {isa = PBXBuildFile; fileRef = CDDD21D220C9CC0F00DF4440 /* about.png */; };
		CDDD21D520CA1F3200DF4440 /* AdicionarViewController.swift in Sources */ = {isa = PBXBuildFile; fileRef = CDDD21D420CA1F3200DF4440 /* AdicionarViewController.swift */; };
		CDDD21DF20CA2F2600DF4440 /* user-icon.png in Resources */ = {isa = PBXBuildFile; fileRef = CDDD21DE20CA2F2600DF4440 /* user-icon.png */; };
		CDDD21E120CA2F5C00DF4440 /* ProfileViewController.swift in Sources */ = {isa = PBXBuildFile; fileRef = CDDD21E020CA2F5C00DF4440 /* ProfileViewController.swift */; };
		CDDD21E420CAECD900DF4440 /* LoadViewController.swift in Sources */ = {isa = PBXBuildFile; fileRef = CDDD21E320CAECD900DF4440 /* LoadViewController.swift */; };
		CDDD21E620CAF10D00DF4440 /* SignUp.swift in Sources */ = {isa = PBXBuildFile; fileRef = CDDD21E520CAF10D00DF4440 /* SignUp.swift */; };
		CDE1EA6F20A3CA4A00B459D7 /* AppDelegate.swift in Sources */ = {isa = PBXBuildFile; fileRef = CDE1EA6E20A3CA4A00B459D7 /* AppDelegate.swift */; };
		CDE1EA7120A3CA4A00B459D7 /* LoginViewController.swift in Sources */ = {isa = PBXBuildFile; fileRef = CDE1EA7020A3CA4A00B459D7 /* LoginViewController.swift */; };
		CDE1EA7420A3CA4A00B459D7 /* Main.storyboard in Resources */ = {isa = PBXBuildFile; fileRef = CDE1EA7220A3CA4A00B459D7 /* Main.storyboard */; };
		CDE1EA7620A3CA4C00B459D7 /* Assets.xcassets in Resources */ = {isa = PBXBuildFile; fileRef = CDE1EA7520A3CA4C00B459D7 /* Assets.xcassets */; };
		CDE1EA7920A3CA4C00B459D7 /* LaunchScreen.storyboard in Resources */ = {isa = PBXBuildFile; fileRef = CDE1EA7720A3CA4C00B459D7 /* LaunchScreen.storyboard */; };
		CDE1EA8420A3CA4C00B459D7 /* Solicitacao156Tests.swift in Sources */ = {isa = PBXBuildFile; fileRef = CDE1EA8320A3CA4C00B459D7 /* Solicitacao156Tests.swift */; };
		CDE1EA8F20A3CA4C00B459D7 /* Solicitacao156UITests.swift in Sources */ = {isa = PBXBuildFile; fileRef = CDE1EA8E20A3CA4C00B459D7 /* Solicitacao156UITests.swift */; };
		CDE1EA9D20A3CA7300B459D7 /* GoogleService-Info.plist in Resources */ = {isa = PBXBuildFile; fileRef = CDE1EA9C20A3CA7300B459D7 /* GoogleService-Info.plist */; };
		CDE1EAA820A4F3DE00B459D7 /* KeychainConfiguration.swift in Sources */ = {isa = PBXBuildFile; fileRef = CDE1EAA620A4F3DE00B459D7 /* KeychainConfiguration.swift */; };
		CDE1EAA920A4F3DE00B459D7 /* KeychainTokenItem.swift in Sources */ = {isa = PBXBuildFile; fileRef = CDE1EAA720A4F3DE00B459D7 /* KeychainTokenItem.swift */; };
		CDE1EAAB20A4F4E300B459D7 /* Constants.swift in Sources */ = {isa = PBXBuildFile; fileRef = CDE1EAAA20A4F4E300B459D7 /* Constants.swift */; };
		CDE1EAAD20A4FAEE00B459D7 /* CompleteInfoViewController.swift in Sources */ = {isa = PBXBuildFile; fileRef = CDE1EAAC20A4FAEE00B459D7 /* CompleteInfoViewController.swift */; };
		CDE1EAAF20A4FFFE00B459D7 /* Singleton.swift in Sources */ = {isa = PBXBuildFile; fileRef = CDE1EAAE20A4FFFE00B459D7 /* Singleton.swift */; };
		CDE1EAB820A66F5F00B459D7 /* DatabaseHelper.swift in Sources */ = {isa = PBXBuildFile; fileRef = CDE1EAB720A66F5F00B459D7 /* DatabaseHelper.swift */; };
		CDE1EABC20A682FC00B459D7 /* SolicitacoesTableViewController.swift in Sources */ = {isa = PBXBuildFile; fileRef = CDE1EABB20A682FC00B459D7 /* SolicitacoesTableViewController.swift */; };
		CDFB6D6720B1DBBA003F721F /* NetworkSetup.swift in Sources */ = {isa = PBXBuildFile; fileRef = CDFB6D6620B1DBBA003F721F /* NetworkSetup.swift */; };
		CDFB6D6920B1DDAF003F721F /* Util.swift in Sources */ = {isa = PBXBuildFile; fileRef = CDFB6D6820B1DDAF003F721F /* Util.swift */; };
/* End PBXBuildFile section */

/* Begin PBXContainerItemProxy section */
		CDE1EA8020A3CA4C00B459D7 /* PBXContainerItemProxy */ = {
			isa = PBXContainerItemProxy;
			containerPortal = CDE1EA6320A3CA4A00B459D7 /* Project object */;
			proxyType = 1;
			remoteGlobalIDString = CDE1EA6A20A3CA4A00B459D7;
			remoteInfo = Solicitacao156;
		};
		CDE1EA8B20A3CA4C00B459D7 /* PBXContainerItemProxy */ = {
			isa = PBXContainerItemProxy;
			containerPortal = CDE1EA6320A3CA4A00B459D7 /* Project object */;
			proxyType = 1;
			remoteGlobalIDString = CDE1EA6A20A3CA4A00B459D7;
			remoteInfo = Solicitacao156;
		};
/* End PBXContainerItemProxy section */

/* Begin PBXFileReference section */
		0E3CF1450F2E5174482E64D6 /* Pods-Solicitacao156Tests.release.xcconfig */ = {isa = PBXFileReference; includeInIndex = 1; lastKnownFileType = text.xcconfig; name = "Pods-Solicitacao156Tests.release.xcconfig"; path = "Pods/Target Support Files/Pods-Solicitacao156Tests/Pods-Solicitacao156Tests.release.xcconfig"; sourceTree = "<group>"; };
		196E3D18A25BCE03C58ED453 /* Pods-Solicitacao156.release.xcconfig */ = {isa = PBXFileReference; includeInIndex = 1; lastKnownFileType = text.xcconfig; name = "Pods-Solicitacao156.release.xcconfig"; path = "Pods/Target Support Files/Pods-Solicitacao156/Pods-Solicitacao156.release.xcconfig"; sourceTree = "<group>"; };
		1D1B44B16E6C7D2878DDF415 /* Pods-Solicitacao156UITests.release.xcconfig */ = {isa = PBXFileReference; includeInIndex = 1; lastKnownFileType = text.xcconfig; name = "Pods-Solicitacao156UITests.release.xcconfig"; path = "Pods/Target Support Files/Pods-Solicitacao156UITests/Pods-Solicitacao156UITests.release.xcconfig"; sourceTree = "<group>"; };
		2CC8A1A274BE778372EAB669 /* Pods_Solicitacao156UITests.framework */ = {isa = PBXFileReference; explicitFileType = wrapper.framework; includeInIndex = 0; path = Pods_Solicitacao156UITests.framework; sourceTree = BUILT_PRODUCTS_DIR; };
		2DB5AF9D92DC5D4372C1290D /* Pods-Solicitacao156UITests.debug.xcconfig */ = {isa = PBXFileReference; includeInIndex = 1; lastKnownFileType = text.xcconfig; name = "Pods-Solicitacao156UITests.debug.xcconfig"; path = "Pods/Target Support Files/Pods-Solicitacao156UITests/Pods-Solicitacao156UITests.debug.xcconfig"; sourceTree = "<group>"; };
		749FD0DB2CDE14CC088B9D62 /* Pods_Solicitacao156.framework */ = {isa = PBXFileReference; explicitFileType = wrapper.framework; includeInIndex = 0; path = Pods_Solicitacao156.framework; sourceTree = BUILT_PRODUCTS_DIR; };
		78F37D538A6B7BBB3964BEC0 /* Pods-Solicitacao156Tests.debug.xcconfig */ = {isa = PBXFileReference; includeInIndex = 1; lastKnownFileType = text.xcconfig; name = "Pods-Solicitacao156Tests.debug.xcconfig"; path = "Pods/Target Support Files/Pods-Solicitacao156Tests/Pods-Solicitacao156Tests.debug.xcconfig"; sourceTree = "<group>"; };
		BB01A5CEC2148A69A7AE4B42 /* Pods-Solicitacao156.debug.xcconfig */ = {isa = PBXFileReference; includeInIndex = 1; lastKnownFileType = text.xcconfig; name = "Pods-Solicitacao156.debug.xcconfig"; path = "Pods/Target Support Files/Pods-Solicitacao156/Pods-Solicitacao156.debug.xcconfig"; sourceTree = "<group>"; };
		CAA43D9AA551AA6D8ED29491 /* Pods_Solicitacao156Tests.framework */ = {isa = PBXFileReference; explicitFileType = wrapper.framework; includeInIndex = 0; path = Pods_Solicitacao156Tests.framework; sourceTree = BUILT_PRODUCTS_DIR; };
		CD6C620E20B0DE90001754A5 /* Entry.swift */ = {isa = PBXFileReference; lastKnownFileType = sourcecode.swift; path = Entry.swift; sourceTree = "<group>"; };
		CD6C621020B0E087001754A5 /* Requisition.swift */ = {isa = PBXFileReference; lastKnownFileType = sourcecode.swift; path = Requisition.swift; sourceTree = "<group>"; };
		CD6C621220B0E20F001754A5 /* SolicitacoesCellTableViewCell.swift */ = {isa = PBXFileReference; lastKnownFileType = sourcecode.swift; path = SolicitacoesCellTableViewCell.swift; sourceTree = "<group>"; };
		CD6C621420B0E5DB001754A5 /* EntriesTableViewController.swift */ = {isa = PBXFileReference; lastKnownFileType = sourcecode.swift; path = EntriesTableViewController.swift; sourceTree = "<group>"; };
		CD6C621620B0E791001754A5 /* EntriesTableViewCell.swift */ = {isa = PBXFileReference; lastKnownFileType = sourcecode.swift; path = EntriesTableViewCell.swift; sourceTree = "<group>"; };
		CD8B7EFD20C77B3800B71009 /* MainTabBarController.swift */ = {isa = PBXFileReference; lastKnownFileType = sourcecode.swift; path = MainTabBarController.swift; sourceTree = "<group>"; };
		CD8B7F0120C7854800B71009 /* book-simple-7.png */ = {isa = PBXFileReference; lastKnownFileType = image.png; path = "book-simple-7.png"; sourceTree = "<group>"; };
		CD8B7F0420C7860100B71009 /* ContatosTableViewController.swift */ = {isa = PBXFileReference; lastKnownFileType = sourcecode.swift; path = ContatosTableViewController.swift; sourceTree = "<group>"; };
		CD8B7F0620C7870B00B71009 /* telephone-7.png */ = {isa = PBXFileReference; lastKnownFileType = image.png; path = "telephone-7.png"; sourceTree = "<group>"; };
		CD8B7F0820C787BB00B71009 /* DicionarioTableViewController.swift */ = {isa = PBXFileReference; lastKnownFileType = sourcecode.swift; path = DicionarioTableViewController.swift; sourceTree = "<group>"; };
		CD8B7F0A20C7883300B71009 /* book-cover-7.png */ = {isa = PBXFileReference; lastKnownFileType = image.png; path = "book-cover-7.png"; sourceTree = "<group>"; };
		CD8B7F0C20C788D200B71009 /* list-fat-7.png */ = {isa = PBXFileReference; lastKnownFileType = image.png; path = "list-fat-7.png"; sourceTree = "<group>"; };
		CD8B7F1020C789AB00B71009 /* about-full.png */ = {isa = PBXFileReference; lastKnownFileType = image.png; path = "about-full.png"; sourceTree = "<group>"; };
		CD8B7F1420C78A7C00B71009 /* SobreViewController.swift */ = {isa = PBXFileReference; lastKnownFileType = sourcecode.swift; path = SobreViewController.swift; sourceTree = "<group>"; };
		CD9D663420CEEA1D0036F988 /* no-photo-user.png */ = {isa = PBXFileReference; lastKnownFileType = image.png; path = "no-photo-user.png"; sourceTree = "<group>"; };
		CD9D663620CF6C340036F988 /* Dic.json */ = {isa = PBXFileReference; fileEncoding = 4; lastKnownFileType = text.json; path = Dic.json; sourceTree = "<group>"; };
		CD9D663820CF6CD30036F988 /* EntryDic.swift */ = {isa = PBXFileReference; lastKnownFileType = sourcecode.swift; path = EntryDic.swift; sourceTree = "<group>"; };
		CD9D663A20CF6FC80036F988 /* DicionarioTableViewCell.swift */ = {isa = PBXFileReference; lastKnownFileType = sourcecode.swift; path = DicionarioTableViewCell.swift; sourceTree = "<group>"; };
		CD9D663C20D03B430036F988 /* CardViewQuestions.xib */ = {isa = PBXFileReference; fileEncoding = 4; lastKnownFileType = file.xib; path = CardViewQuestions.xib; sourceTree = "<group>"; };
		CD9D663E20D03FA20036F988 /* CardViewQuestions.swift */ = {isa = PBXFileReference; lastKnownFileType = sourcecode.swift; path = CardViewQuestions.swift; sourceTree = "<group>"; };
		CD9D664020D040370036F988 /* Question.swift */ = {isa = PBXFileReference; lastKnownFileType = sourcecode.swift; path = Question.swift; sourceTree = "<group>"; };
		CD9D664220D0445B0036F988 /* Questions.json */ = {isa = PBXFileReference; lastKnownFileType = text.json; path = Questions.json; sourceTree = "<group>"; };
		CD9E4C9820CCCFA10067BE1E /* ContatosTableViewCell.swift */ = {isa = PBXFileReference; lastKnownFileType = sourcecode.swift; path = ContatosTableViewCell.swift; sourceTree = "<group>"; };
		CD9E4C9A20CCD8E40067BE1E /* CardView.xib */ = {isa = PBXFileReference; lastKnownFileType = file.xib; path = CardView.xib; sourceTree = "<group>"; };
		CD9E4C9C20CCDA3B0067BE1E /* CardView.swift */ = {isa = PBXFileReference; lastKnownFileType = sourcecode.swift; path = CardView.swift; sourceTree = "<group>"; };
		CDCD246120CC80B800BCF2FA /* Contact.swift */ = {isa = PBXFileReference; lastKnownFileType = sourcecode.swift; path = Contact.swift; sourceTree = "<group>"; };
		CDCD246320CC846A00BCF2FA /* Fones.json */ = {isa = PBXFileReference; fileEncoding = 4; lastKnownFileType = text.json; path = Fones.json; sourceTree = "<group>"; };
		CDDD21C920C9AE7D00DF4440 /* logo.png */ = {isa = PBXFileReference; lastKnownFileType = image.png; path = logo.png; sourceTree = "<group>"; };
		CDDD21CC20C9CC0000DF4440 /* book-cover-7-full.png */ = {isa = PBXFileReference; lastKnownFileType = image.png; path = "book-cover-7-full.png"; sourceTree = "<group>"; };
		CDDD21CE20C9CC0500DF4440 /* list-fat-7-full.png */ = {isa = PBXFileReference; lastKnownFileType = image.png; path = "list-fat-7-full.png"; sourceTree = "<group>"; };
		CDDD21D020C9CC0A00DF4440 /* telephone-7-full.png */ = {isa = PBXFileReference; lastKnownFileType = image.png; path = "telephone-7-full.png"; sourceTree = "<group>"; };
		CDDD21D220C9CC0F00DF4440 /* about.png */ = {isa = PBXFileReference; lastKnownFileType = image.png; path = about.png; sourceTree = "<group>"; };
		CDDD21D420CA1F3200DF4440 /* AdicionarViewController.swift */ = {isa = PBXFileReference; lastKnownFileType = sourcecode.swift; path = AdicionarViewController.swift; sourceTree = "<group>"; };
		CDDD21DE20CA2F2600DF4440 /* user-icon.png */ = {isa = PBXFileReference; lastKnownFileType = image.png; path = "user-icon.png"; sourceTree = "<group>"; };
		CDDD21E020CA2F5C00DF4440 /* ProfileViewController.swift */ = {isa = PBXFileReference; lastKnownFileType = sourcecode.swift; path = ProfileViewController.swift; sourceTree = "<group>"; };
		CDDD21E320CAECD900DF4440 /* LoadViewController.swift */ = {isa = PBXFileReference; lastKnownFileType = sourcecode.swift; path = LoadViewController.swift; sourceTree = "<group>"; };
		CDDD21E520CAF10D00DF4440 /* SignUp.swift */ = {isa = PBXFileReference; lastKnownFileType = sourcecode.swift; path = SignUp.swift; sourceTree = "<group>"; };
		CDE1EA6B20A3CA4A00B459D7 /* Solicitacao156.app */ = {isa = PBXFileReference; explicitFileType = wrapper.application; includeInIndex = 0; path = Solicitacao156.app; sourceTree = BUILT_PRODUCTS_DIR; };
		CDE1EA6E20A3CA4A00B459D7 /* AppDelegate.swift */ = {isa = PBXFileReference; lastKnownFileType = sourcecode.swift; path = AppDelegate.swift; sourceTree = "<group>"; };
		CDE1EA7020A3CA4A00B459D7 /* LoginViewController.swift */ = {isa = PBXFileReference; lastKnownFileType = sourcecode.swift; path = LoginViewController.swift; sourceTree = "<group>"; };
		CDE1EA7320A3CA4A00B459D7 /* Base */ = {isa = PBXFileReference; lastKnownFileType = file.storyboard; name = Base; path = Base.lproj/Main.storyboard; sourceTree = "<group>"; };
		CDE1EA7520A3CA4C00B459D7 /* Assets.xcassets */ = {isa = PBXFileReference; lastKnownFileType = folder.assetcatalog; path = Assets.xcassets; sourceTree = "<group>"; };
		CDE1EA7820A3CA4C00B459D7 /* Base */ = {isa = PBXFileReference; lastKnownFileType = file.storyboard; name = Base; path = Base.lproj/LaunchScreen.storyboard; sourceTree = "<group>"; };
		CDE1EA7A20A3CA4C00B459D7 /* Info.plist */ = {isa = PBXFileReference; lastKnownFileType = text.plist.xml; path = Info.plist; sourceTree = "<group>"; };
		CDE1EA7F20A3CA4C00B459D7 /* Solicitacao156Tests.xctest */ = {isa = PBXFileReference; explicitFileType = wrapper.cfbundle; includeInIndex = 0; path = Solicitacao156Tests.xctest; sourceTree = BUILT_PRODUCTS_DIR; };
		CDE1EA8320A3CA4C00B459D7 /* Solicitacao156Tests.swift */ = {isa = PBXFileReference; lastKnownFileType = sourcecode.swift; path = Solicitacao156Tests.swift; sourceTree = "<group>"; };
		CDE1EA8520A3CA4C00B459D7 /* Info.plist */ = {isa = PBXFileReference; lastKnownFileType = text.plist.xml; path = Info.plist; sourceTree = "<group>"; };
		CDE1EA8A20A3CA4C00B459D7 /* Solicitacao156UITests.xctest */ = {isa = PBXFileReference; explicitFileType = wrapper.cfbundle; includeInIndex = 0; path = Solicitacao156UITests.xctest; sourceTree = BUILT_PRODUCTS_DIR; };
		CDE1EA8E20A3CA4C00B459D7 /* Solicitacao156UITests.swift */ = {isa = PBXFileReference; lastKnownFileType = sourcecode.swift; path = Solicitacao156UITests.swift; sourceTree = "<group>"; };
		CDE1EA9020A3CA4C00B459D7 /* Info.plist */ = {isa = PBXFileReference; lastKnownFileType = text.plist.xml; path = Info.plist; sourceTree = "<group>"; };
		CDE1EA9C20A3CA7300B459D7 /* GoogleService-Info.plist */ = {isa = PBXFileReference; fileEncoding = 4; lastKnownFileType = text.plist.xml; path = "GoogleService-Info.plist"; sourceTree = "<group>"; };
		CDE1EAA420A4D2CC00B459D7 /* Solicitacao156.entitlements */ = {isa = PBXFileReference; lastKnownFileType = text.plist.entitlements; path = Solicitacao156.entitlements; sourceTree = "<group>"; };
		CDE1EAA620A4F3DE00B459D7 /* KeychainConfiguration.swift */ = {isa = PBXFileReference; fileEncoding = 4; lastKnownFileType = sourcecode.swift; path = KeychainConfiguration.swift; sourceTree = "<group>"; };
		CDE1EAA720A4F3DE00B459D7 /* KeychainTokenItem.swift */ = {isa = PBXFileReference; fileEncoding = 4; lastKnownFileType = sourcecode.swift; path = KeychainTokenItem.swift; sourceTree = "<group>"; };
		CDE1EAAA20A4F4E300B459D7 /* Constants.swift */ = {isa = PBXFileReference; fileEncoding = 4; lastKnownFileType = sourcecode.swift; path = Constants.swift; sourceTree = "<group>"; };
		CDE1EAAC20A4FAEE00B459D7 /* CompleteInfoViewController.swift */ = {isa = PBXFileReference; lastKnownFileType = sourcecode.swift; path = CompleteInfoViewController.swift; sourceTree = "<group>"; };
		CDE1EAAE20A4FFFE00B459D7 /* Singleton.swift */ = {isa = PBXFileReference; lastKnownFileType = sourcecode.swift; path = Singleton.swift; sourceTree = "<group>"; };
		CDE1EAB720A66F5F00B459D7 /* DatabaseHelper.swift */ = {isa = PBXFileReference; lastKnownFileType = sourcecode.swift; path = DatabaseHelper.swift; sourceTree = "<group>"; };
		CDE1EABB20A682FC00B459D7 /* SolicitacoesTableViewController.swift */ = {isa = PBXFileReference; lastKnownFileType = sourcecode.swift; path = SolicitacoesTableViewController.swift; sourceTree = "<group>"; };
		CDFB6D6620B1DBBA003F721F /* NetworkSetup.swift */ = {isa = PBXFileReference; lastKnownFileType = sourcecode.swift; path = NetworkSetup.swift; sourceTree = "<group>"; };
		CDFB6D6820B1DDAF003F721F /* Util.swift */ = {isa = PBXFileReference; lastKnownFileType = sourcecode.swift; path = Util.swift; sourceTree = "<group>"; };
/* End PBXFileReference section */

/* Begin PBXFrameworksBuildPhase section */
		CDE1EA6820A3CA4A00B459D7 /* Frameworks */ = {
			isa = PBXFrameworksBuildPhase;
			buildActionMask = 2147483647;
			files = (
				70B99C9C9083A5EACC12B2F2 /* Pods_Solicitacao156.framework in Frameworks */,
			);
			runOnlyForDeploymentPostprocessing = 0;
		};
		CDE1EA7C20A3CA4C00B459D7 /* Frameworks */ = {
			isa = PBXFrameworksBuildPhase;
			buildActionMask = 2147483647;
			files = (
				1B21A28E8443113B9A37AF15 /* Pods_Solicitacao156Tests.framework in Frameworks */,
			);
			runOnlyForDeploymentPostprocessing = 0;
		};
		CDE1EA8720A3CA4C00B459D7 /* Frameworks */ = {
			isa = PBXFrameworksBuildPhase;
			buildActionMask = 2147483647;
			files = (
				6A4B682AF945C0B3FA390AAF /* Pods_Solicitacao156UITests.framework in Frameworks */,
			);
			runOnlyForDeploymentPostprocessing = 0;
		};
/* End PBXFrameworksBuildPhase section */

/* Begin PBXGroup section */
		2CF39A64017128D59CED2464 /* Frameworks */ = {
			isa = PBXGroup;
			children = (
				749FD0DB2CDE14CC088B9D62 /* Pods_Solicitacao156.framework */,
				CAA43D9AA551AA6D8ED29491 /* Pods_Solicitacao156Tests.framework */,
				2CC8A1A274BE778372EAB669 /* Pods_Solicitacao156UITests.framework */,
			);
			name = Frameworks;
			sourceTree = "<group>";
		};
		CD8B7EF520C776F300B71009 /* Controller */ = {
			isa = PBXGroup;
			children = (
				CD8B7EFD20C77B3800B71009 /* MainTabBarController.swift */,
				CDE1EABB20A682FC00B459D7 /* SolicitacoesTableViewController.swift */,
				CD8B7F0420C7860100B71009 /* ContatosTableViewController.swift */,
				CDDD21D420CA1F3200DF4440 /* AdicionarViewController.swift */,
				CD8B7F0820C787BB00B71009 /* DicionarioTableViewController.swift */,
				CD8B7F1420C78A7C00B71009 /* SobreViewController.swift */,
				CD6C621620B0E791001754A5 /* EntriesTableViewCell.swift */,
				CDE1EA7020A3CA4A00B459D7 /* LoginViewController.swift */,
				CD6C621220B0E20F001754A5 /* SolicitacoesCellTableViewCell.swift */,
				CDE1EAAC20A4FAEE00B459D7 /* CompleteInfoViewController.swift */,
				CD6C621420B0E5DB001754A5 /* EntriesTableViewController.swift */,
				CDDD21E020CA2F5C00DF4440 /* ProfileViewController.swift */,
				CDDD21E320CAECD900DF4440 /* LoadViewController.swift */,
				CD9E4C9820CCCFA10067BE1E /* ContatosTableViewCell.swift */,
				CD9D663A20CF6FC80036F988 /* DicionarioTableViewCell.swift */,
			);
			path = Controller;
			sourceTree = "<group>";
		};
		CD8B7EF620C7771000B71009 /* Model */ = {
			isa = PBXGroup;
			children = (
				CD6C621020B0E087001754A5 /* Requisition.swift */,
				CD6C620E20B0DE90001754A5 /* Entry.swift */,
				CDCD246120CC80B800BCF2FA /* Contact.swift */,
				CD9D663820CF6CD30036F988 /* EntryDic.swift */,
				CD9D664020D040370036F988 /* Question.swift */,
			);
			path = Model;
			sourceTree = "<group>";
		};
		CD8B7EF720C7772600B71009 /* Others */ = {
			isa = PBXGroup;
			children = (
				CDCD246320CC846A00BCF2FA /* Fones.json */,
				CD9D663620CF6C340036F988 /* Dic.json */,
				CD9D664220D0445B0036F988 /* Questions.json */,
				CDE1EAAA20A4F4E300B459D7 /* Constants.swift */,
				CDE1EA6E20A3CA4A00B459D7 /* AppDelegate.swift */,
				CDE1EAAE20A4FFFE00B459D7 /* Singleton.swift */,
				CDFB6D6820B1DDAF003F721F /* Util.swift */,
				CDE1EA9C20A3CA7300B459D7 /* GoogleService-Info.plist */,
				CDDD21E520CAF10D00DF4440 /* SignUp.swift */,
			);
			path = Others;
			sourceTree = "<group>";
		};
		CD8B7EF820C7773B00B71009 /* View */ = {
			isa = PBXGroup;
			children = (
				CDE1EA7220A3CA4A00B459D7 /* Main.storyboard */,
				CDE1EA7720A3CA4C00B459D7 /* LaunchScreen.storyboard */,
				CDE1EA7520A3CA4C00B459D7 /* Assets.xcassets */,
				CD9E4C9A20CCD8E40067BE1E /* CardView.xib */,
				CD9D663C20D03B430036F988 /* CardViewQuestions.xib */,
				CD9E4C9C20CCDA3B0067BE1E /* CardView.swift */,
				CD9D663E20D03FA20036F988 /* CardViewQuestions.swift */,
			);
			path = View;
			sourceTree = "<group>";
		};
		CD8B7F0320C7854F00B71009 /* Image */ = {
			isa = PBXGroup;
			children = (
				CD9D663420CEEA1D0036F988 /* no-photo-user.png */,
				CDDD21CB20C9CBF200DF4440 /* Full */,
				CDDD21C920C9AE7D00DF4440 /* logo.png */,
				CD8B7F0120C7854800B71009 /* book-simple-7.png */,
				CD8B7F0A20C7883300B71009 /* book-cover-7.png */,
				CD8B7F0C20C788D200B71009 /* list-fat-7.png */,
				CDDD21D220C9CC0F00DF4440 /* about.png */,
				CD8B7F0620C7870B00B71009 /* telephone-7.png */,
				CDDD21DE20CA2F2600DF4440 /* user-icon.png */,
			);
			name = Image;
			path = "New Group";
			sourceTree = "<group>";
		};
		CDDD21CB20C9CBF200DF4440 /* Full */ = {
			isa = PBXGroup;
			children = (
				CDDD21CC20C9CC0000DF4440 /* book-cover-7-full.png */,
				CDDD21CE20C9CC0500DF4440 /* list-fat-7-full.png */,
				CDDD21D020C9CC0A00DF4440 /* telephone-7-full.png */,
				CD8B7F1020C789AB00B71009 /* about-full.png */,
			);
			path = Full;
			sourceTree = "<group>";
		};
		CDE1EA6220A3CA4A00B459D7 = {
			isa = PBXGroup;
			children = (
				CDE1EA6D20A3CA4A00B459D7 /* Solicitacao156 */,
				CDE1EA8220A3CA4C00B459D7 /* Solicitacao156Tests */,
				CDE1EA8D20A3CA4C00B459D7 /* Solicitacao156UITests */,
				CDE1EA6C20A3CA4A00B459D7 /* Products */,
				E9BD3567D8F65470031299DD /* Pods */,
				2CF39A64017128D59CED2464 /* Frameworks */,
			);
			sourceTree = "<group>";
		};
		CDE1EA6C20A3CA4A00B459D7 /* Products */ = {
			isa = PBXGroup;
			children = (
				CDE1EA6B20A3CA4A00B459D7 /* Solicitacao156.app */,
				CDE1EA7F20A3CA4C00B459D7 /* Solicitacao156Tests.xctest */,
				CDE1EA8A20A3CA4C00B459D7 /* Solicitacao156UITests.xctest */,
			);
			name = Products;
			sourceTree = "<group>";
		};
		CDE1EA6D20A3CA4A00B459D7 /* Solicitacao156 */ = {
			isa = PBXGroup;
			children = (
				CD8B7F0320C7854F00B71009 /* Image */,
				CD8B7EF820C7773B00B71009 /* View */,
				CD8B7EF720C7772600B71009 /* Others */,
				CD8B7EF620C7771000B71009 /* Model */,
				CD8B7EF520C776F300B71009 /* Controller */,
				CDE1EAA420A4D2CC00B459D7 /* Solicitacao156.entitlements */,
				CDE1EA7A20A3CA4C00B459D7 /* Info.plist */,
				CDE1EAA520A4F3DE00B459D7 /* Keychain */,
				CDE1EAB620A66F1F00B459D7 /* Network */,
			);
			path = Solicitacao156;
			sourceTree = "<group>";
		};
		CDE1EA8220A3CA4C00B459D7 /* Solicitacao156Tests */ = {
			isa = PBXGroup;
			children = (
				CDE1EA8320A3CA4C00B459D7 /* Solicitacao156Tests.swift */,
				CDE1EA8520A3CA4C00B459D7 /* Info.plist */,
			);
			path = Solicitacao156Tests;
			sourceTree = "<group>";
		};
		CDE1EA8D20A3CA4C00B459D7 /* Solicitacao156UITests */ = {
			isa = PBXGroup;
			children = (
				CDE1EA8E20A3CA4C00B459D7 /* Solicitacao156UITests.swift */,
				CDE1EA9020A3CA4C00B459D7 /* Info.plist */,
			);
			path = Solicitacao156UITests;
			sourceTree = "<group>";
		};
		CDE1EAA520A4F3DE00B459D7 /* Keychain */ = {
			isa = PBXGroup;
			children = (
				CDE1EAA620A4F3DE00B459D7 /* KeychainConfiguration.swift */,
				CDE1EAA720A4F3DE00B459D7 /* KeychainTokenItem.swift */,
			);
			path = Keychain;
			sourceTree = "<group>";
		};
		CDE1EAB620A66F1F00B459D7 /* Network */ = {
			isa = PBXGroup;
			children = (
				CDE1EAB720A66F5F00B459D7 /* DatabaseHelper.swift */,
				CDFB6D6620B1DBBA003F721F /* NetworkSetup.swift */,
			);
			path = Network;
			sourceTree = "<group>";
		};
		E9BD3567D8F65470031299DD /* Pods */ = {
			isa = PBXGroup;
			children = (
				BB01A5CEC2148A69A7AE4B42 /* Pods-Solicitacao156.debug.xcconfig */,
				196E3D18A25BCE03C58ED453 /* Pods-Solicitacao156.release.xcconfig */,
				78F37D538A6B7BBB3964BEC0 /* Pods-Solicitacao156Tests.debug.xcconfig */,
				0E3CF1450F2E5174482E64D6 /* Pods-Solicitacao156Tests.release.xcconfig */,
				2DB5AF9D92DC5D4372C1290D /* Pods-Solicitacao156UITests.debug.xcconfig */,
				1D1B44B16E6C7D2878DDF415 /* Pods-Solicitacao156UITests.release.xcconfig */,
			);
			name = Pods;
			sourceTree = "<group>";
		};
/* End PBXGroup section */

/* Begin PBXNativeTarget section */
		CDE1EA6A20A3CA4A00B459D7 /* Solicitacao156 */ = {
			isa = PBXNativeTarget;
			buildConfigurationList = CDE1EA9320A3CA4C00B459D7 /* Build configuration list for PBXNativeTarget "Solicitacao156" */;
			buildPhases = (
				66F490259B566557B1CD298B /* [CP] Check Pods Manifest.lock */,
				CDE1EA6720A3CA4A00B459D7 /* Sources */,
				CDE1EA6820A3CA4A00B459D7 /* Frameworks */,
				CDE1EA6920A3CA4A00B459D7 /* Resources */,
				121E22AA01750473B96D56E5 /* [CP] Embed Pods Frameworks */,
				926BAE64625119854790A93F /* [CP] Copy Pods Resources */,
				CDDD21E220CA341800DF4440 /* ShellScript */,
			);
			buildRules = (
			);
			dependencies = (
			);
			name = Solicitacao156;
			productName = Solicitacao156;
			productReference = CDE1EA6B20A3CA4A00B459D7 /* Solicitacao156.app */;
			productType = "com.apple.product-type.application";
		};
		CDE1EA7E20A3CA4C00B459D7 /* Solicitacao156Tests */ = {
			isa = PBXNativeTarget;
			buildConfigurationList = CDE1EA9620A3CA4C00B459D7 /* Build configuration list for PBXNativeTarget "Solicitacao156Tests" */;
			buildPhases = (
				15903ABA34F3F80831DAEABD /* [CP] Check Pods Manifest.lock */,
				CDE1EA7B20A3CA4C00B459D7 /* Sources */,
				CDE1EA7C20A3CA4C00B459D7 /* Frameworks */,
				CDE1EA7D20A3CA4C00B459D7 /* Resources */,
			);
			buildRules = (
			);
			dependencies = (
				CDE1EA8120A3CA4C00B459D7 /* PBXTargetDependency */,
			);
			name = Solicitacao156Tests;
			productName = Solicitacao156Tests;
			productReference = CDE1EA7F20A3CA4C00B459D7 /* Solicitacao156Tests.xctest */;
			productType = "com.apple.product-type.bundle.unit-test";
		};
		CDE1EA8920A3CA4C00B459D7 /* Solicitacao156UITests */ = {
			isa = PBXNativeTarget;
			buildConfigurationList = CDE1EA9920A3CA4C00B459D7 /* Build configuration list for PBXNativeTarget "Solicitacao156UITests" */;
			buildPhases = (
				59FDBA19FE4F0885EDE89A11 /* [CP] Check Pods Manifest.lock */,
				CDE1EA8620A3CA4C00B459D7 /* Sources */,
				CDE1EA8720A3CA4C00B459D7 /* Frameworks */,
				CDE1EA8820A3CA4C00B459D7 /* Resources */,
			);
			buildRules = (
			);
			dependencies = (
				CDE1EA8C20A3CA4C00B459D7 /* PBXTargetDependency */,
			);
			name = Solicitacao156UITests;
			productName = Solicitacao156UITests;
			productReference = CDE1EA8A20A3CA4C00B459D7 /* Solicitacao156UITests.xctest */;
			productType = "com.apple.product-type.bundle.ui-testing";
		};
/* End PBXNativeTarget section */

/* Begin PBXProject section */
		CDE1EA6320A3CA4A00B459D7 /* Project object */ = {
			isa = PBXProject;
			attributes = {
				LastSwiftUpdateCheck = 0930;
				LastUpgradeCheck = 0930;
				ORGANIZATIONNAME = "Leonardo Geus";
				TargetAttributes = {
					CDE1EA6A20A3CA4A00B459D7 = {
						CreatedOnToolsVersion = 9.3;
						SystemCapabilities = {
							com.apple.Keychain = {
								enabled = 1;
							};
						};
					};
					CDE1EA7E20A3CA4C00B459D7 = {
						CreatedOnToolsVersion = 9.3;
						TestTargetID = CDE1EA6A20A3CA4A00B459D7;
					};
					CDE1EA8920A3CA4C00B459D7 = {
						CreatedOnToolsVersion = 9.3;
						TestTargetID = CDE1EA6A20A3CA4A00B459D7;
					};
				};
			};
			buildConfigurationList = CDE1EA6620A3CA4A00B459D7 /* Build configuration list for PBXProject "Solicitacao156" */;
			compatibilityVersion = "Xcode 9.3";
			developmentRegion = en;
			hasScannedForEncodings = 0;
			knownRegions = (
				en,
				Base,
			);
			mainGroup = CDE1EA6220A3CA4A00B459D7;
			productRefGroup = CDE1EA6C20A3CA4A00B459D7 /* Products */;
			projectDirPath = "";
			projectRoot = "";
			targets = (
				CDE1EA6A20A3CA4A00B459D7 /* Solicitacao156 */,
				CDE1EA7E20A3CA4C00B459D7 /* Solicitacao156Tests */,
				CDE1EA8920A3CA4C00B459D7 /* Solicitacao156UITests */,
			);
		};
/* End PBXProject section */

/* Begin PBXResourcesBuildPhase section */
		CDE1EA6920A3CA4A00B459D7 /* Resources */ = {
			isa = PBXResourcesBuildPhase;
			buildActionMask = 2147483647;
			files = (
				CDDD21DF20CA2F2600DF4440 /* user-icon.png in Resources */,
				CDDD21CF20C9CC0500DF4440 /* list-fat-7-full.png in Resources */,
				CD9E4C9B20CCD8E40067BE1E /* CardView.xib in Resources */,
				CDDD21CA20C9AE7D00DF4440 /* logo.png in Resources */,
				CDE1EA7920A3CA4C00B459D7 /* LaunchScreen.storyboard in Resources */,
				CD8B7F0D20C788D200B71009 /* list-fat-7.png in Resources */,
				CD9D663720CF6C340036F988 /* Dic.json in Resources */,
				CD8B7F0220C7854800B71009 /* book-simple-7.png in Resources */,
				CD8B7F0720C7870B00B71009 /* telephone-7.png in Resources */,
				CD8B7F0B20C7883300B71009 /* book-cover-7.png in Resources */,
				CD8B7F1120C789AB00B71009 /* about-full.png in Resources */,
				CDE1EA7620A3CA4C00B459D7 /* Assets.xcassets in Resources */,
				CD9D663520CEEA1D0036F988 /* no-photo-user.png in Resources */,
				CDDD21D320C9CC0F00DF4440 /* about.png in Resources */,
				CD9D663D20D03B440036F988 /* CardViewQuestions.xib in Resources */,
				CDE1EA7420A3CA4A00B459D7 /* Main.storyboard in Resources */,
				CDDD21D120C9CC0A00DF4440 /* telephone-7-full.png in Resources */,
				CDCD246420CC846B00BCF2FA /* Fones.json in Resources */,
				CDDD21CD20C9CC0000DF4440 /* book-cover-7-full.png in Resources */,
				CD9D664320D0445B0036F988 /* Questions.json in Resources */,
				CDE1EA9D20A3CA7300B459D7 /* GoogleService-Info.plist in Resources */,
			);
			runOnlyForDeploymentPostprocessing = 0;
		};
		CDE1EA7D20A3CA4C00B459D7 /* Resources */ = {
			isa = PBXResourcesBuildPhase;
			buildActionMask = 2147483647;
			files = (
			);
			runOnlyForDeploymentPostprocessing = 0;
		};
		CDE1EA8820A3CA4C00B459D7 /* Resources */ = {
			isa = PBXResourcesBuildPhase;
			buildActionMask = 2147483647;
			files = (
			);
			runOnlyForDeploymentPostprocessing = 0;
		};
/* End PBXResourcesBuildPhase section */

/* Begin PBXShellScriptBuildPhase section */
		121E22AA01750473B96D56E5 /* [CP] Embed Pods Frameworks */ = {
			isa = PBXShellScriptBuildPhase;
			buildActionMask = 2147483647;
			files = (
			);
			inputPaths = (
				"${SRCROOT}/Pods/Target Support Files/Pods-Solicitacao156/Pods-Solicitacao156-frameworks.sh",
				"${BUILT_PRODUCTS_DIR}/Bolts/Bolts.framework",
				"${BUILT_PRODUCTS_DIR}/DZNEmptyDataSet/DZNEmptyDataSet.framework",
				"${BUILT_PRODUCTS_DIR}/FBSDKCoreKit/FBSDKCoreKit.framework",
				"${BUILT_PRODUCTS_DIR}/FBSDKLoginKit/FBSDKLoginKit.framework",
				"${BUILT_PRODUCTS_DIR}/GTMOAuth2/GTMOAuth2.framework",
				"${BUILT_PRODUCTS_DIR}/GTMSessionFetcher/GTMSessionFetcher.framework",
				"${BUILT_PRODUCTS_DIR}/GoogleToolboxForMac/GoogleToolboxForMac.framework",
				"${BUILT_PRODUCTS_DIR}/Kingfisher/Kingfisher.framework",
				"${BUILT_PRODUCTS_DIR}/Protobuf/Protobuf.framework",
				"${BUILT_PRODUCTS_DIR}/SwiftyAttributes/SwiftyAttributes.framework",
				"${BUILT_PRODUCTS_DIR}/leveldb-library/leveldb.framework",
				"${BUILT_PRODUCTS_DIR}/nanopb/nanopb.framework",
			);
			name = "[CP] Embed Pods Frameworks";
			outputPaths = (
				"${TARGET_BUILD_DIR}/${FRAMEWORKS_FOLDER_PATH}/Bolts.framework",
				"${TARGET_BUILD_DIR}/${FRAMEWORKS_FOLDER_PATH}/DZNEmptyDataSet.framework",
				"${TARGET_BUILD_DIR}/${FRAMEWORKS_FOLDER_PATH}/FBSDKCoreKit.framework",
				"${TARGET_BUILD_DIR}/${FRAMEWORKS_FOLDER_PATH}/FBSDKLoginKit.framework",
				"${TARGET_BUILD_DIR}/${FRAMEWORKS_FOLDER_PATH}/GTMOAuth2.framework",
				"${TARGET_BUILD_DIR}/${FRAMEWORKS_FOLDER_PATH}/GTMSessionFetcher.framework",
				"${TARGET_BUILD_DIR}/${FRAMEWORKS_FOLDER_PATH}/GoogleToolboxForMac.framework",
				"${TARGET_BUILD_DIR}/${FRAMEWORKS_FOLDER_PATH}/Kingfisher.framework",
				"${TARGET_BUILD_DIR}/${FRAMEWORKS_FOLDER_PATH}/Protobuf.framework",
				"${TARGET_BUILD_DIR}/${FRAMEWORKS_FOLDER_PATH}/SwiftyAttributes.framework",
				"${TARGET_BUILD_DIR}/${FRAMEWORKS_FOLDER_PATH}/leveldb.framework",
				"${TARGET_BUILD_DIR}/${FRAMEWORKS_FOLDER_PATH}/nanopb.framework",
			);
			runOnlyForDeploymentPostprocessing = 0;
			shellPath = /bin/sh;
			shellScript = "\"${SRCROOT}/Pods/Target Support Files/Pods-Solicitacao156/Pods-Solicitacao156-frameworks.sh\"\n";
			showEnvVarsInLog = 0;
		};
		15903ABA34F3F80831DAEABD /* [CP] Check Pods Manifest.lock */ = {
			isa = PBXShellScriptBuildPhase;
			buildActionMask = 2147483647;
			files = (
			);
			inputPaths = (
				"${PODS_PODFILE_DIR_PATH}/Podfile.lock",
				"${PODS_ROOT}/Manifest.lock",
			);
			name = "[CP] Check Pods Manifest.lock";
			outputPaths = (
				"$(DERIVED_FILE_DIR)/Pods-Solicitacao156Tests-checkManifestLockResult.txt",
			);
			runOnlyForDeploymentPostprocessing = 0;
			shellPath = /bin/sh;
			shellScript = "diff \"${PODS_PODFILE_DIR_PATH}/Podfile.lock\" \"${PODS_ROOT}/Manifest.lock\" > /dev/null\nif [ $? != 0 ] ; then\n    # print error to STDERR\n    echo \"error: The sandbox is not in sync with the Podfile.lock. Run 'pod install' or update your CocoaPods installation.\" >&2\n    exit 1\nfi\n# This output is used by Xcode 'outputs' to avoid re-running this script phase.\necho \"SUCCESS\" > \"${SCRIPT_OUTPUT_FILE_0}\"\n";
			showEnvVarsInLog = 0;
		};
		59FDBA19FE4F0885EDE89A11 /* [CP] Check Pods Manifest.lock */ = {
			isa = PBXShellScriptBuildPhase;
			buildActionMask = 2147483647;
			files = (
			);
			inputPaths = (
				"${PODS_PODFILE_DIR_PATH}/Podfile.lock",
				"${PODS_ROOT}/Manifest.lock",
			);
			name = "[CP] Check Pods Manifest.lock";
			outputPaths = (
				"$(DERIVED_FILE_DIR)/Pods-Solicitacao156UITests-checkManifestLockResult.txt",
			);
			runOnlyForDeploymentPostprocessing = 0;
			shellPath = /bin/sh;
			shellScript = "diff \"${PODS_PODFILE_DIR_PATH}/Podfile.lock\" \"${PODS_ROOT}/Manifest.lock\" > /dev/null\nif [ $? != 0 ] ; then\n    # print error to STDERR\n    echo \"error: The sandbox is not in sync with the Podfile.lock. Run 'pod install' or update your CocoaPods installation.\" >&2\n    exit 1\nfi\n# This output is used by Xcode 'outputs' to avoid re-running this script phase.\necho \"SUCCESS\" > \"${SCRIPT_OUTPUT_FILE_0}\"\n";
			showEnvVarsInLog = 0;
		};
		66F490259B566557B1CD298B /* [CP] Check Pods Manifest.lock */ = {
			isa = PBXShellScriptBuildPhase;
			buildActionMask = 2147483647;
			files = (
			);
			inputPaths = (
				"${PODS_PODFILE_DIR_PATH}/Podfile.lock",
				"${PODS_ROOT}/Manifest.lock",
			);
			name = "[CP] Check Pods Manifest.lock";
			outputPaths = (
				"$(DERIVED_FILE_DIR)/Pods-Solicitacao156-checkManifestLockResult.txt",
			);
			runOnlyForDeploymentPostprocessing = 0;
			shellPath = /bin/sh;
			shellScript = "diff \"${PODS_PODFILE_DIR_PATH}/Podfile.lock\" \"${PODS_ROOT}/Manifest.lock\" > /dev/null\nif [ $? != 0 ] ; then\n    # print error to STDERR\n    echo \"error: The sandbox is not in sync with the Podfile.lock. Run 'pod install' or update your CocoaPods installation.\" >&2\n    exit 1\nfi\n# This output is used by Xcode 'outputs' to avoid re-running this script phase.\necho \"SUCCESS\" > \"${SCRIPT_OUTPUT_FILE_0}\"\n";
			showEnvVarsInLog = 0;
		};
		926BAE64625119854790A93F /* [CP] Copy Pods Resources */ = {
			isa = PBXShellScriptBuildPhase;
			buildActionMask = 2147483647;
			files = (
			);
			inputPaths = (
				"${SRCROOT}/Pods/Target Support Files/Pods-Solicitacao156/Pods-Solicitacao156-resources.sh",
				"${PODS_CONFIGURATION_BUILD_DIR}/FirebaseUI/FirebaseAuthUI.bundle",
				"${PODS_CONFIGURATION_BUILD_DIR}/FirebaseUI/FirebaseFacebookAuthUI.bundle",
				"${PODS_ROOT}/GoogleSignIn/Resources/GoogleSignIn.bundle",
			);
			name = "[CP] Copy Pods Resources";
			outputPaths = (
				"${TARGET_BUILD_DIR}/${UNLOCALIZED_RESOURCES_FOLDER_PATH}/FirebaseAuthUI.bundle",
				"${TARGET_BUILD_DIR}/${UNLOCALIZED_RESOURCES_FOLDER_PATH}/FirebaseFacebookAuthUI.bundle",
				"${TARGET_BUILD_DIR}/${UNLOCALIZED_RESOURCES_FOLDER_PATH}/GoogleSignIn.bundle",
			);
			runOnlyForDeploymentPostprocessing = 0;
			shellPath = /bin/sh;
			shellScript = "\"${SRCROOT}/Pods/Target Support Files/Pods-Solicitacao156/Pods-Solicitacao156-resources.sh\"\n";
			showEnvVarsInLog = 0;
		};
		CDDD21E220CA341800DF4440 /* ShellScript */ = {
			isa = PBXShellScriptBuildPhase;
			buildActionMask = 2147483647;
			files = (
			);
			inputPaths = (
			);
			outputPaths = (
			);
			runOnlyForDeploymentPostprocessing = 0;
			shellPath = /bin/sh;
			shellScript = "\"${PODS_ROOT}/Fabric/run\"";
		};
/* End PBXShellScriptBuildPhase section */

/* Begin PBXSourcesBuildPhase section */
		CDE1EA6720A3CA4A00B459D7 /* Sources */ = {
			isa = PBXSourcesBuildPhase;
			buildActionMask = 2147483647;
			files = (
				CD6C620F20B0DE90001754A5 /* Entry.swift in Sources */,
				CD9E4C9D20CCDA3B0067BE1E /* CardView.swift in Sources */,
				CDDD21E420CAECD900DF4440 /* LoadViewController.swift in Sources */,
				CDCD246220CC80B800BCF2FA /* Contact.swift in Sources */,
				CDE1EAAB20A4F4E300B459D7 /* Constants.swift in Sources */,
				CDE1EAAF20A4FFFE00B459D7 /* Singleton.swift in Sources */,
				CDFB6D6920B1DDAF003F721F /* Util.swift in Sources */,
				CD9D663920CF6CD30036F988 /* EntryDic.swift in Sources */,
				CDE1EAA820A4F3DE00B459D7 /* KeychainConfiguration.swift in Sources */,
				CDE1EA7120A3CA4A00B459D7 /* LoginViewController.swift in Sources */,
				CDDD21E120CA2F5C00DF4440 /* ProfileViewController.swift in Sources */,
				CDE1EABC20A682FC00B459D7 /* SolicitacoesTableViewController.swift in Sources */,
				CD9E4C9920CCCFA20067BE1E /* ContatosTableViewCell.swift in Sources */,
				CD9D664120D040370036F988 /* Question.swift in Sources */,
				CDE1EAB820A66F5F00B459D7 /* DatabaseHelper.swift in Sources */,
				CD6C621320B0E20F001754A5 /* SolicitacoesCellTableViewCell.swift in Sources */,
				CDE1EAA920A4F3DE00B459D7 /* KeychainTokenItem.swift in Sources */,
				CDE1EAAD20A4FAEE00B459D7 /* CompleteInfoViewController.swift in Sources */,
				CDDD21E620CAF10D00DF4440 /* SignUp.swift in Sources */,
				CDDD21D520CA1F3200DF4440 /* AdicionarViewController.swift in Sources */,
				CD9D663B20CF6FC80036F988 /* DicionarioTableViewCell.swift in Sources */,
				CD9D663F20D03FA20036F988 /* CardViewQuestions.swift in Sources */,
				CD6C621520B0E5DB001754A5 /* EntriesTableViewController.swift in Sources */,
				CD8B7F0520C7860100B71009 /* ContatosTableViewController.swift in Sources */,
				CDFB6D6720B1DBBA003F721F /* NetworkSetup.swift in Sources */,
				CD8B7F1520C78A7C00B71009 /* SobreViewController.swift in Sources */,
				CD6C621120B0E087001754A5 /* Requisition.swift in Sources */,
				CD6C621720B0E791001754A5 /* EntriesTableViewCell.swift in Sources */,
				CDE1EA6F20A3CA4A00B459D7 /* AppDelegate.swift in Sources */,
				CD8B7F0920C787BB00B71009 /* DicionarioTableViewController.swift in Sources */,
				CD8B7EFE20C77B3800B71009 /* MainTabBarController.swift in Sources */,
			);
			runOnlyForDeploymentPostprocessing = 0;
		};
		CDE1EA7B20A3CA4C00B459D7 /* Sources */ = {
			isa = PBXSourcesBuildPhase;
			buildActionMask = 2147483647;
			files = (
				CDE1EA8420A3CA4C00B459D7 /* Solicitacao156Tests.swift in Sources */,
			);
			runOnlyForDeploymentPostprocessing = 0;
		};
		CDE1EA8620A3CA4C00B459D7 /* Sources */ = {
			isa = PBXSourcesBuildPhase;
			buildActionMask = 2147483647;
			files = (
				CDE1EA8F20A3CA4C00B459D7 /* Solicitacao156UITests.swift in Sources */,
			);
			runOnlyForDeploymentPostprocessing = 0;
		};
/* End PBXSourcesBuildPhase section */

/* Begin PBXTargetDependency section */
		CDE1EA8120A3CA4C00B459D7 /* PBXTargetDependency */ = {
			isa = PBXTargetDependency;
			target = CDE1EA6A20A3CA4A00B459D7 /* Solicitacao156 */;
			targetProxy = CDE1EA8020A3CA4C00B459D7 /* PBXContainerItemProxy */;
		};
		CDE1EA8C20A3CA4C00B459D7 /* PBXTargetDependency */ = {
			isa = PBXTargetDependency;
			target = CDE1EA6A20A3CA4A00B459D7 /* Solicitacao156 */;
			targetProxy = CDE1EA8B20A3CA4C00B459D7 /* PBXContainerItemProxy */;
		};
/* End PBXTargetDependency section */

/* Begin PBXVariantGroup section */
		CDE1EA7220A3CA4A00B459D7 /* Main.storyboard */ = {
			isa = PBXVariantGroup;
			children = (
				CDE1EA7320A3CA4A00B459D7 /* Base */,
			);
			name = Main.storyboard;
			sourceTree = "<group>";
		};
		CDE1EA7720A3CA4C00B459D7 /* LaunchScreen.storyboard */ = {
			isa = PBXVariantGroup;
			children = (
				CDE1EA7820A3CA4C00B459D7 /* Base */,
			);
			name = LaunchScreen.storyboard;
			sourceTree = "<group>";
		};
/* End PBXVariantGroup section */

/* Begin XCBuildConfiguration section */
		CDE1EA9120A3CA4C00B459D7 /* Debug */ = {
			isa = XCBuildConfiguration;
			buildSettings = {
				ALWAYS_SEARCH_USER_PATHS = NO;
				CLANG_ANALYZER_NONNULL = YES;
				CLANG_ANALYZER_NUMBER_OBJECT_CONVERSION = YES_AGGRESSIVE;
				CLANG_CXX_LANGUAGE_STANDARD = "gnu++14";
				CLANG_CXX_LIBRARY = "libc++";
				CLANG_ENABLE_MODULES = YES;
				CLANG_ENABLE_OBJC_ARC = YES;
				CLANG_ENABLE_OBJC_WEAK = YES;
				CLANG_WARN_BLOCK_CAPTURE_AUTORELEASING = YES;
				CLANG_WARN_BOOL_CONVERSION = YES;
				CLANG_WARN_COMMA = YES;
				CLANG_WARN_CONSTANT_CONVERSION = YES;
				CLANG_WARN_DEPRECATED_OBJC_IMPLEMENTATIONS = YES;
				CLANG_WARN_DIRECT_OBJC_ISA_USAGE = YES_ERROR;
				CLANG_WARN_DOCUMENTATION_COMMENTS = YES;
				CLANG_WARN_EMPTY_BODY = YES;
				CLANG_WARN_ENUM_CONVERSION = YES;
				CLANG_WARN_INFINITE_RECURSION = YES;
				CLANG_WARN_INT_CONVERSION = YES;
				CLANG_WARN_NON_LITERAL_NULL_CONVERSION = YES;
				CLANG_WARN_OBJC_IMPLICIT_RETAIN_SELF = YES;
				CLANG_WARN_OBJC_LITERAL_CONVERSION = YES;
				CLANG_WARN_OBJC_ROOT_CLASS = YES_ERROR;
				CLANG_WARN_RANGE_LOOP_ANALYSIS = YES;
				CLANG_WARN_STRICT_PROTOTYPES = YES;
				CLANG_WARN_SUSPICIOUS_MOVE = YES;
				CLANG_WARN_UNGUARDED_AVAILABILITY = YES_AGGRESSIVE;
				CLANG_WARN_UNREACHABLE_CODE = YES;
				CLANG_WARN__DUPLICATE_METHOD_MATCH = YES;
				CODE_SIGN_IDENTITY = "iPhone Developer";
				COPY_PHASE_STRIP = NO;
				DEBUG_INFORMATION_FORMAT = dwarf;
				ENABLE_STRICT_OBJC_MSGSEND = YES;
				ENABLE_TESTABILITY = YES;
				GCC_C_LANGUAGE_STANDARD = gnu11;
				GCC_DYNAMIC_NO_PIC = NO;
				GCC_NO_COMMON_BLOCKS = YES;
				GCC_OPTIMIZATION_LEVEL = 0;
				GCC_PREPROCESSOR_DEFINITIONS = (
					"DEBUG=1",
					"$(inherited)",
				);
				GCC_WARN_64_TO_32_BIT_CONVERSION = YES;
				GCC_WARN_ABOUT_RETURN_TYPE = YES_ERROR;
				GCC_WARN_UNDECLARED_SELECTOR = YES;
				GCC_WARN_UNINITIALIZED_AUTOS = YES_AGGRESSIVE;
				GCC_WARN_UNUSED_FUNCTION = YES;
				GCC_WARN_UNUSED_VARIABLE = YES;
				IPHONEOS_DEPLOYMENT_TARGET = 11.0;
				MTL_ENABLE_DEBUG_INFO = YES;
				ONLY_ACTIVE_ARCH = YES;
				SDKROOT = iphoneos;
				SWIFT_ACTIVE_COMPILATION_CONDITIONS = DEBUG;
				SWIFT_OPTIMIZATION_LEVEL = "-Onone";
			};
			name = Debug;
		};
		CDE1EA9220A3CA4C00B459D7 /* Release */ = {
			isa = XCBuildConfiguration;
			buildSettings = {
				ALWAYS_SEARCH_USER_PATHS = NO;
				CLANG_ANALYZER_NONNULL = YES;
				CLANG_ANALYZER_NUMBER_OBJECT_CONVERSION = YES_AGGRESSIVE;
				CLANG_CXX_LANGUAGE_STANDARD = "gnu++14";
				CLANG_CXX_LIBRARY = "libc++";
				CLANG_ENABLE_MODULES = YES;
				CLANG_ENABLE_OBJC_ARC = YES;
				CLANG_ENABLE_OBJC_WEAK = YES;
				CLANG_WARN_BLOCK_CAPTURE_AUTORELEASING = YES;
				CLANG_WARN_BOOL_CONVERSION = YES;
				CLANG_WARN_COMMA = YES;
				CLANG_WARN_CONSTANT_CONVERSION = YES;
				CLANG_WARN_DEPRECATED_OBJC_IMPLEMENTATIONS = YES;
				CLANG_WARN_DIRECT_OBJC_ISA_USAGE = YES_ERROR;
				CLANG_WARN_DOCUMENTATION_COMMENTS = YES;
				CLANG_WARN_EMPTY_BODY = YES;
				CLANG_WARN_ENUM_CONVERSION = YES;
				CLANG_WARN_INFINITE_RECURSION = YES;
				CLANG_WARN_INT_CONVERSION = YES;
				CLANG_WARN_NON_LITERAL_NULL_CONVERSION = YES;
				CLANG_WARN_OBJC_IMPLICIT_RETAIN_SELF = YES;
				CLANG_WARN_OBJC_LITERAL_CONVERSION = YES;
				CLANG_WARN_OBJC_ROOT_CLASS = YES_ERROR;
				CLANG_WARN_RANGE_LOOP_ANALYSIS = YES;
				CLANG_WARN_STRICT_PROTOTYPES = YES;
				CLANG_WARN_SUSPICIOUS_MOVE = YES;
				CLANG_WARN_UNGUARDED_AVAILABILITY = YES_AGGRESSIVE;
				CLANG_WARN_UNREACHABLE_CODE = YES;
				CLANG_WARN__DUPLICATE_METHOD_MATCH = YES;
				CODE_SIGN_IDENTITY = "iPhone Developer";
				COPY_PHASE_STRIP = NO;
				DEBUG_INFORMATION_FORMAT = "dwarf-with-dsym";
				ENABLE_NS_ASSERTIONS = NO;
				ENABLE_STRICT_OBJC_MSGSEND = YES;
				GCC_C_LANGUAGE_STANDARD = gnu11;
				GCC_NO_COMMON_BLOCKS = YES;
				GCC_WARN_64_TO_32_BIT_CONVERSION = YES;
				GCC_WARN_ABOUT_RETURN_TYPE = YES_ERROR;
				GCC_WARN_UNDECLARED_SELECTOR = YES;
				GCC_WARN_UNINITIALIZED_AUTOS = YES_AGGRESSIVE;
				GCC_WARN_UNUSED_FUNCTION = YES;
				GCC_WARN_UNUSED_VARIABLE = YES;
				IPHONEOS_DEPLOYMENT_TARGET = 11.0;
				MTL_ENABLE_DEBUG_INFO = NO;
				SDKROOT = iphoneos;
				SWIFT_COMPILATION_MODE = wholemodule;
				SWIFT_OPTIMIZATION_LEVEL = "-O";
				VALIDATE_PRODUCT = YES;
			};
			name = Release;
		};
		CDE1EA9420A3CA4C00B459D7 /* Debug */ = {
			isa = XCBuildConfiguration;
			baseConfigurationReference = BB01A5CEC2148A69A7AE4B42 /* Pods-Solicitacao156.debug.xcconfig */;
			buildSettings = {
				ASSETCATALOG_COMPILER_APPICON_NAME = AppIcon;
				CODE_SIGN_ENTITLEMENTS = Solicitacao156/Solicitacao156.entitlements;
				CODE_SIGN_IDENTITY = "iPhone Developer";
				CODE_SIGN_STYLE = Automatic;
				DEBUG_INFORMATION_FORMAT = "dwarf-with-dsym";
				DEVELOPMENT_TEAM = FDUR7X8MST;
				INFOPLIST_FILE = Solicitacao156/Info.plist;
				IPHONEOS_DEPLOYMENT_TARGET = 11.0;
				LD_RUNPATH_SEARCH_PATHS = (
					"$(inherited)",
					"@executable_path/Frameworks",
				);
				PRODUCT_BUNDLE_IDENTIFIER = com.br.leodegeus.Solicitacao156;
				PRODUCT_NAME = "$(TARGET_NAME)";
				PROVISIONING_PROFILE_SPECIFIER = "";
				SWIFT_VERSION = 4.0;
				TARGETED_DEVICE_FAMILY = "1,2";
			};
			name = Debug;
		};
		CDE1EA9520A3CA4C00B459D7 /* Release */ = {
			isa = XCBuildConfiguration;
			baseConfigurationReference = 196E3D18A25BCE03C58ED453 /* Pods-Solicitacao156.release.xcconfig */;
			buildSettings = {
				ASSETCATALOG_COMPILER_APPICON_NAME = AppIcon;
				CODE_SIGN_ENTITLEMENTS = Solicitacao156/Solicitacao156.entitlements;
				CODE_SIGN_IDENTITY = "iPhone Developer";
				CODE_SIGN_STYLE = Automatic;
				DEBUG_INFORMATION_FORMAT = "dwarf-with-dsym";
				DEVELOPMENT_TEAM = FDUR7X8MST;
				INFOPLIST_FILE = Solicitacao156/Info.plist;
				IPHONEOS_DEPLOYMENT_TARGET = 11.0;
				LD_RUNPATH_SEARCH_PATHS = (
					"$(inherited)",
					"@executable_path/Frameworks",
				);
				PRODUCT_BUNDLE_IDENTIFIER = com.br.leodegeus.Solicitacao156;
				PRODUCT_NAME = "$(TARGET_NAME)";
				PROVISIONING_PROFILE_SPECIFIER = "";
				SWIFT_VERSION = 4.0;
				TARGETED_DEVICE_FAMILY = "1,2";
			};
			name = Release;
		};
		CDE1EA9720A3CA4C00B459D7 /* Debug */ = {
			isa = XCBuildConfiguration;
			baseConfigurationReference = 78F37D538A6B7BBB3964BEC0 /* Pods-Solicitacao156Tests.debug.xcconfig */;
			buildSettings = {
				ALWAYS_EMBED_SWIFT_STANDARD_LIBRARIES = YES;
				BUNDLE_LOADER = "$(TEST_HOST)";
				CODE_SIGN_STYLE = Automatic;
				DEVELOPMENT_TEAM = 4V6XCMA27T;
				INFOPLIST_FILE = Solicitacao156Tests/Info.plist;
				LD_RUNPATH_SEARCH_PATHS = (
					"$(inherited)",
					"@executable_path/Frameworks",
					"@loader_path/Frameworks",
				);
				PRODUCT_BUNDLE_IDENTIFIER = com.br.leodegeus.Solicitacao156Tests;
				PRODUCT_NAME = "$(TARGET_NAME)";
				SWIFT_VERSION = 4.0;
				TARGETED_DEVICE_FAMILY = "1,2";
				TEST_HOST = "$(BUILT_PRODUCTS_DIR)/Solicitacao156.app/Solicitacao156";
			};
			name = Debug;
		};
		CDE1EA9820A3CA4C00B459D7 /* Release */ = {
			isa = XCBuildConfiguration;
			baseConfigurationReference = 0E3CF1450F2E5174482E64D6 /* Pods-Solicitacao156Tests.release.xcconfig */;
			buildSettings = {
				ALWAYS_EMBED_SWIFT_STANDARD_LIBRARIES = YES;
				BUNDLE_LOADER = "$(TEST_HOST)";
				CODE_SIGN_STYLE = Automatic;
				DEVELOPMENT_TEAM = 4V6XCMA27T;
				INFOPLIST_FILE = Solicitacao156Tests/Info.plist;
				LD_RUNPATH_SEARCH_PATHS = (
					"$(inherited)",
					"@executable_path/Frameworks",
					"@loader_path/Frameworks",
				);
				PRODUCT_BUNDLE_IDENTIFIER = com.br.leodegeus.Solicitacao156Tests;
				PRODUCT_NAME = "$(TARGET_NAME)";
				SWIFT_VERSION = 4.0;
				TARGETED_DEVICE_FAMILY = "1,2";
				TEST_HOST = "$(BUILT_PRODUCTS_DIR)/Solicitacao156.app/Solicitacao156";
			};
			name = Release;
		};
		CDE1EA9A20A3CA4C00B459D7 /* Debug */ = {
			isa = XCBuildConfiguration;
			baseConfigurationReference = 2DB5AF9D92DC5D4372C1290D /* Pods-Solicitacao156UITests.debug.xcconfig */;
			buildSettings = {
				ALWAYS_EMBED_SWIFT_STANDARD_LIBRARIES = YES;
				CODE_SIGN_STYLE = Automatic;
				DEVELOPMENT_TEAM = 4V6XCMA27T;
				INFOPLIST_FILE = Solicitacao156UITests/Info.plist;
				LD_RUNPATH_SEARCH_PATHS = (
					"$(inherited)",
					"@executable_path/Frameworks",
					"@loader_path/Frameworks",
				);
				PRODUCT_BUNDLE_IDENTIFIER = com.br.leodegeus.Solicitacao156UITests;
				PRODUCT_NAME = "$(TARGET_NAME)";
				SWIFT_VERSION = 4.0;
				TARGETED_DEVICE_FAMILY = "1,2";
				TEST_TARGET_NAME = Solicitacao156;
			};
			name = Debug;
		};
		CDE1EA9B20A3CA4C00B459D7 /* Release */ = {
			isa = XCBuildConfiguration;
			baseConfigurationReference = 1D1B44B16E6C7D2878DDF415 /* Pods-Solicitacao156UITests.release.xcconfig */;
			buildSettings = {
				ALWAYS_EMBED_SWIFT_STANDARD_LIBRARIES = YES;
				CODE_SIGN_STYLE = Automatic;
				DEVELOPMENT_TEAM = 4V6XCMA27T;
				INFOPLIST_FILE = Solicitacao156UITests/Info.plist;
				LD_RUNPATH_SEARCH_PATHS = (
					"$(inherited)",
					"@executable_path/Frameworks",
					"@loader_path/Frameworks",
				);
				PRODUCT_BUNDLE_IDENTIFIER = com.br.leodegeus.Solicitacao156UITests;
				PRODUCT_NAME = "$(TARGET_NAME)";
				SWIFT_VERSION = 4.0;
				TARGETED_DEVICE_FAMILY = "1,2";
				TEST_TARGET_NAME = Solicitacao156;
			};
			name = Release;
		};
/* End XCBuildConfiguration section */

/* Begin XCConfigurationList section */
		CDE1EA6620A3CA4A00B459D7 /* Build configuration list for PBXProject "Solicitacao156" */ = {
			isa = XCConfigurationList;
			buildConfigurations = (
				CDE1EA9120A3CA4C00B459D7 /* Debug */,
				CDE1EA9220A3CA4C00B459D7 /* Release */,
			);
			defaultConfigurationIsVisible = 0;
			defaultConfigurationName = Release;
		};
		CDE1EA9320A3CA4C00B459D7 /* Build configuration list for PBXNativeTarget "Solicitacao156" */ = {
			isa = XCConfigurationList;
			buildConfigurations = (
				CDE1EA9420A3CA4C00B459D7 /* Debug */,
				CDE1EA9520A3CA4C00B459D7 /* Release */,
			);
			defaultConfigurationIsVisible = 0;
			defaultConfigurationName = Release;
		};
		CDE1EA9620A3CA4C00B459D7 /* Build configuration list for PBXNativeTarget "Solicitacao156Tests" */ = {
			isa = XCConfigurationList;
			buildConfigurations = (
				CDE1EA9720A3CA4C00B459D7 /* Debug */,
				CDE1EA9820A3CA4C00B459D7 /* Release */,
			);
			defaultConfigurationIsVisible = 0;
			defaultConfigurationName = Release;
		};
		CDE1EA9920A3CA4C00B459D7 /* Build configuration list for PBXNativeTarget "Solicitacao156UITests" */ = {
			isa = XCConfigurationList;
			buildConfigurations = (
				CDE1EA9A20A3CA4C00B459D7 /* Debug */,
				CDE1EA9B20A3CA4C00B459D7 /* Release */,
			);
			defaultConfigurationIsVisible = 0;
			defaultConfigurationName = Release;
		};
/* End XCConfigurationList section */
	};
	rootObject = CDE1EA6320A3CA4A00B459D7 /* Project object */;
}
